
Microsoft Visual Studio Solution File, Format Version 12.00
# Visual Studio Version 16
VisualStudioVersion = 16.0.29102.190
MinimumVisualStudioVersion = 10.0.40219.1
Project("{9A19103F-16F7-4668-BE54-9A1E7A4F7556}") = "underware.Edifact", "underware.Edifact\underware.Edifact.csproj", "{0D7BD87F-CAED-4D64-9408-221510AE1053}"
EndProject
Project("{9A19103F-16F7-4668-BE54-9A1E7A4F7556}") = "underware.Edifact.D00A", "underware.Edifact.D00A\underware.Edifact.D00A.csproj", "{B7B0627C-3C10-4235-AC86-D2F348870739}"
EndProject
Project("{9A19103F-16F7-4668-BE54-9A1E7A4F7556}") = "underware.Edifact.D00B", "underware.Edifact.D00B\underware.Edifact.D00B.csproj", "{5646AC31-D1FC-406A-8BDB-7D1C59617D86}"
EndProject
Project("{9A19103F-16F7-4668-BE54-9A1E7A4F7556}") = "underware.Edifact.D01A", "underware.Edifact.D01A\underware.Edifact.D01A.csproj", "{A669F848-400A-4B6A-A337-D836CE7ECF5E}"
EndProject
Project("{9A19103F-16F7-4668-BE54-9A1E7A4F7556}") = "underware.Edifact.D01B", "underware.Edifact.D01B\underware.Edifact.D01B.csproj", "{B9D5A837-BB79-4DC4-9E22-D8F2A6366E00}"
EndProject
Project("{9A19103F-16F7-4668-BE54-9A1E7A4F7556}") = "underware.Edifact.D01C", "underware.Edifact.D01C\underware.Edifact.D01C.csproj", "{1CBEB970-279E-480E-915B-2ABA838E765F}"
EndProject
Project("{9A19103F-16F7-4668-BE54-9A1E7A4F7556}") = "underware.Edifact.D02A", "underware.Edifact.D02A\underware.Edifact.D02A.csproj", "{17728D56-B828-418E-A66A-F962C936604B}"
EndProject
Project("{9A19103F-16F7-4668-BE54-9A1E7A4F7556}") = "underware.Edifact.D02B", "underware.Edifact.D02B\underware.Edifact.D02B.csproj", "{07A782C6-C35A-462C-B9B0-4DD935B8B736}"
EndProject
Project("{9A19103F-16F7-4668-BE54-9A1E7A4F7556}") = "underware.Edifact.D03A", "underware.Edifact.D03A\underware.Edifact.D03A.csproj", "{9D23A19B-0830-43BC-9157-64857041A330}"
EndProject
Project("{9A19103F-16F7-4668-BE54-9A1E7A4F7556}") = "underware.Edifact.D03B", "underware.Edifact.D03B\underware.Edifact.D03B.csproj", "{94D8F35F-0253-4212-A859-B6247D0B19DA}"
EndProject
Project("{9A19103F-16F7-4668-BE54-9A1E7A4F7556}") = "underware.Edifact.D04A", "underware.Edifact.D04A\underware.Edifact.D04A.csproj", "{862D9B98-72C4-4200-A87F-F74938950505}"
EndProject
Project("{9A19103F-16F7-4668-BE54-9A1E7A4F7556}") = "underware.Edifact.D04B", "underware.Edifact.D04B\underware.Edifact.D04B.csproj", "{7CC2F8A9-5A9B-4403-A7A5-4BE2701ED4CE}"
EndProject
Project("{9A19103F-16F7-4668-BE54-9A1E7A4F7556}") = "underware.Edifact.D93A", "underware.Edifact.D93A\underware.Edifact.D93A.csproj", "{A1C6626B-9A0F-4DB9-9DAD-BE5DCD87F523}"
EndProject
Project("{9A19103F-16F7-4668-BE54-9A1E7A4F7556}") = "underware.Edifact.D94A", "underware.Edifact.D94A\underware.Edifact.D94A.csproj", "{486E014E-652C-4E09-A1AA-62B62C84EF9E}"
EndProject
Project("{9A19103F-16F7-4668-BE54-9A1E7A4F7556}") = "underware.Edifact.D94B", "underware.Edifact.D94B\underware.Edifact.D94B.csproj", "{D05DCBF6-3201-4E66-9B44-F564A2B58828}"
EndProject
Project("{9A19103F-16F7-4668-BE54-9A1E7A4F7556}") = "underware.Edifact.D95A", "underware.Edifact.D95A\underware.Edifact.D95A.csproj", "{95F56879-B26F-44C4-A4C6-1045265B343D}"
EndProject
Project("{9A19103F-16F7-4668-BE54-9A1E7A4F7556}") = "underware.Edifact.D95B", "underware.Edifact.D95B\underware.Edifact.D95B.csproj", "{9F9D7D0B-3CA4-4561-BFEC-21CC75D87E47}"
EndProject
Project("{9A19103F-16F7-4668-BE54-9A1E7A4F7556}") = "underware.Edifact.D96A", "underware.Edifact.D96A\underware.Edifact.D96A.csproj", "{CCB2F33C-07A1-4FF0-A4B7-CE7D3095BBFE}"
EndProject
Project("{9A19103F-16F7-4668-BE54-9A1E7A4F7556}") = "underware.Edifact.D96B", "underware.Edifact.D96B\underware.Edifact.D96B.csproj", "{9930E6EC-EED1-41CC-8B54-5475E7D79E78}"
EndProject
Project("{9A19103F-16F7-4668-BE54-9A1E7A4F7556}") = "underware.Edifact.D97A", "underware.Edifact.D97A\underware.Edifact.D97A.csproj", "{456AC416-FFD3-43AF-BD8D-DBB51CC6CC63}"
EndProject
Project("{9A19103F-16F7-4668-BE54-9A1E7A4F7556}") = "underware.Edifact.D97B", "underware.Edifact.D97B\underware.Edifact.D97B.csproj", "{23A40867-8A8F-4E8B-8FA7-8B9EA14BFD52}"
EndProject
Project("{9A19103F-16F7-4668-BE54-9A1E7A4F7556}") = "underware.Edifact.D98A", "underware.Edifact.D98A\underware.Edifact.D98A.csproj", "{A4A130EE-88E0-4CE3-9C65-F815C57474D2}"
EndProject
Project("{9A19103F-16F7-4668-BE54-9A1E7A4F7556}") = "underware.Edifact.D98B", "underware.Edifact.D98B\underware.Edifact.D98B.csproj", "{9A9C0643-82BE-48BE-B296-7B08115531B1}"
EndProject
Project("{9A19103F-16F7-4668-BE54-9A1E7A4F7556}") = "underware.Edifact.D99A", "underware.Edifact.D99A\underware.Edifact.D99A.csproj", "{D854F247-A0E4-4C07-AF1E-88ACA571333E}"
EndProject
Project("{9A19103F-16F7-4668-BE54-9A1E7A4F7556}") = "underware.Edifact.D99B", "underware.Edifact.D99B\underware.Edifact.D99B.csproj", "{798C8890-C2D4-4496-9B91-BCB68CBD1862}"
EndProject
Project("{2150E333-8FDC-42A3-9474-1A3956D46DE8}") = "Spec", "Spec", "{DA974D76-DC04-4962-9F43-F9FD12C5B783}"
EndProject
Project("{9A19103F-16F7-4668-BE54-9A1E7A4F7556}") = "underware.Edifact.Extensions", "underware.Edifact.Extensions\underware.Edifact.Extensions.csproj", "{BFD70B34-0C8C-46CC-98D5-AFD9D26A6C9E}"
EndProject
Project("{9A19103F-16F7-4668-BE54-9A1E7A4F7556}") = "underware.Edifact.D07A", "underware.Edifact.D07A\underware.Edifact.D07A.csproj", "{9BF62B66-38B9-41A0-B78B-01126BCF1253}"
EndProject
Project("{9A19103F-16F7-4668-BE54-9A1E7A4F7556}") = "underware.Odette.V3", "underware.Odette.V3\underware.Odette.V3.csproj", "{B028FB9E-63E1-4CE1-9FBC-DF969F786D62}"
EndProject
Project("{FAE04EC0-301F-11D3-BF4B-00C04F79EFBC}") = "underware.Edifact.Examples", "underware.Edifact.Examples\underware.Edifact.Examples.csproj", "{B0AEC420-F997-4575-9E6D-5AA2CC609110}"
EndProject
Global
	GlobalSection(SolutionConfigurationPlatforms) = preSolution
		Debug|Any CPU = Debug|Any CPU
		Release|Any CPU = Release|Any CPU
	EndGlobalSection
	GlobalSection(ProjectConfigurationPlatforms) = postSolution
		{0D7BD87F-CAED-4D64-9408-221510AE1053}.Debug|Any CPU.ActiveCfg = Debug|Any CPU
		{0D7BD87F-CAED-4D64-9408-221510AE1053}.Debug|Any CPU.Build.0 = Debug|Any CPU
		{0D7BD87F-CAED-4D64-9408-221510AE1053}.Release|Any CPU.ActiveCfg = Release|Any CPU
		{0D7BD87F-CAED-4D64-9408-221510AE1053}.Release|Any CPU.Build.0 = Release|Any CPU
		{B7B0627C-3C10-4235-AC86-D2F348870739}.Debug|Any CPU.ActiveCfg = Debug|Any CPU
		{B7B0627C-3C10-4235-AC86-D2F348870739}.Debug|Any CPU.Build.0 = Debug|Any CPU
		{B7B0627C-3C10-4235-AC86-D2F348870739}.Release|Any CPU.ActiveCfg = Release|Any CPU
		{B7B0627C-3C10-4235-AC86-D2F348870739}.Release|Any CPU.Build.0 = Release|Any CPU
		{5646AC31-D1FC-406A-8BDB-7D1C59617D86}.Debug|Any CPU.ActiveCfg = Debug|Any CPU
		{5646AC31-D1FC-406A-8BDB-7D1C59617D86}.Debug|Any CPU.Build.0 = Debug|Any CPU
		{5646AC31-D1FC-406A-8BDB-7D1C59617D86}.Release|Any CPU.ActiveCfg = Release|Any CPU
		{5646AC31-D1FC-406A-8BDB-7D1C59617D86}.Release|Any CPU.Build.0 = Release|Any CPU
		{A669F848-400A-4B6A-A337-D836CE7ECF5E}.Debug|Any CPU.ActiveCfg = Debug|Any CPU
		{A669F848-400A-4B6A-A337-D836CE7ECF5E}.Debug|Any CPU.Build.0 = Debug|Any CPU
		{A669F848-400A-4B6A-A337-D836CE7ECF5E}.Release|Any CPU.ActiveCfg = Release|Any CPU
		{A669F848-400A-4B6A-A337-D836CE7ECF5E}.Release|Any CPU.Build.0 = Release|Any CPU
		{B9D5A837-BB79-4DC4-9E22-D8F2A6366E00}.Debug|Any CPU.ActiveCfg = Debug|Any CPU
		{B9D5A837-BB79-4DC4-9E22-D8F2A6366E00}.Debug|Any CPU.Build.0 = Debug|Any CPU
		{B9D5A837-BB79-4DC4-9E22-D8F2A6366E00}.Release|Any CPU.ActiveCfg = Release|Any CPU
		{B9D5A837-BB79-4DC4-9E22-D8F2A6366E00}.Release|Any CPU.Build.0 = Release|Any CPU
		{1CBEB970-279E-480E-915B-2ABA838E765F}.Debug|Any CPU.ActiveCfg = Debug|Any CPU
		{1CBEB970-279E-480E-915B-2ABA838E765F}.Debug|Any CPU.Build.0 = Debug|Any CPU
		{1CBEB970-279E-480E-915B-2ABA838E765F}.Release|Any CPU.ActiveCfg = Release|Any CPU
		{1CBEB970-279E-480E-915B-2ABA838E765F}.Release|Any CPU.Build.0 = Release|Any CPU
		{17728D56-B828-418E-A66A-F962C936604B}.Debug|Any CPU.ActiveCfg = Debug|Any CPU
		{17728D56-B828-418E-A66A-F962C936604B}.Debug|Any CPU.Build.0 = Debug|Any CPU
		{17728D56-B828-418E-A66A-F962C936604B}.Release|Any CPU.ActiveCfg = Release|Any CPU
		{17728D56-B828-418E-A66A-F962C936604B}.Release|Any CPU.Build.0 = Release|Any CPU
		{07A782C6-C35A-462C-B9B0-4DD935B8B736}.Debug|Any CPU.ActiveCfg = Debug|Any CPU
		{07A782C6-C35A-462C-B9B0-4DD935B8B736}.Debug|Any CPU.Build.0 = Debug|Any CPU
		{07A782C6-C35A-462C-B9B0-4DD935B8B736}.Release|Any CPU.ActiveCfg = Release|Any CPU
		{07A782C6-C35A-462C-B9B0-4DD935B8B736}.Release|Any CPU.Build.0 = Release|Any CPU
		{9D23A19B-0830-43BC-9157-64857041A330}.Debug|Any CPU.ActiveCfg = Debug|Any CPU
		{9D23A19B-0830-43BC-9157-64857041A330}.Debug|Any CPU.Build.0 = Debug|Any CPU
		{9D23A19B-0830-43BC-9157-64857041A330}.Release|Any CPU.ActiveCfg = Release|Any CPU
		{9D23A19B-0830-43BC-9157-64857041A330}.Release|Any CPU.Build.0 = Release|Any CPU
		{94D8F35F-0253-4212-A859-B6247D0B19DA}.Debug|Any CPU.ActiveCfg = Debug|Any CPU
		{94D8F35F-0253-4212-A859-B6247D0B19DA}.Debug|Any CPU.Build.0 = Debug|Any CPU
		{94D8F35F-0253-4212-A859-B6247D0B19DA}.Release|Any CPU.ActiveCfg = Release|Any CPU
		{94D8F35F-0253-4212-A859-B6247D0B19DA}.Release|Any CPU.Build.0 = Release|Any CPU
		{862D9B98-72C4-4200-A87F-F74938950505}.Debug|Any CPU.ActiveCfg = Debug|Any CPU
		{862D9B98-72C4-4200-A87F-F74938950505}.Debug|Any CPU.Build.0 = Debug|Any CPU
		{862D9B98-72C4-4200-A87F-F74938950505}.Release|Any CPU.ActiveCfg = Release|Any CPU
		{862D9B98-72C4-4200-A87F-F74938950505}.Release|Any CPU.Build.0 = Release|Any CPU
		{7CC2F8A9-5A9B-4403-A7A5-4BE2701ED4CE}.Debug|Any CPU.ActiveCfg = Debug|Any CPU
		{7CC2F8A9-5A9B-4403-A7A5-4BE2701ED4CE}.Debug|Any CPU.Build.0 = Debug|Any CPU
		{7CC2F8A9-5A9B-4403-A7A5-4BE2701ED4CE}.Release|Any CPU.ActiveCfg = Release|Any CPU
		{7CC2F8A9-5A9B-4403-A7A5-4BE2701ED4CE}.Release|Any CPU.Build.0 = Release|Any CPU
		{A1C6626B-9A0F-4DB9-9DAD-BE5DCD87F523}.Debug|Any CPU.ActiveCfg = Debug|Any CPU
		{A1C6626B-9A0F-4DB9-9DAD-BE5DCD87F523}.Debug|Any CPU.Build.0 = Debug|Any CPU
		{A1C6626B-9A0F-4DB9-9DAD-BE5DCD87F523}.Release|Any CPU.ActiveCfg = Release|Any CPU
		{A1C6626B-9A0F-4DB9-9DAD-BE5DCD87F523}.Release|Any CPU.Build.0 = Release|Any CPU
		{486E014E-652C-4E09-A1AA-62B62C84EF9E}.Debug|Any CPU.ActiveCfg = Debug|Any CPU
		{486E014E-652C-4E09-A1AA-62B62C84EF9E}.Debug|Any CPU.Build.0 = Debug|Any CPU
		{486E014E-652C-4E09-A1AA-62B62C84EF9E}.Release|Any CPU.ActiveCfg = Release|Any CPU
		{486E014E-652C-4E09-A1AA-62B62C84EF9E}.Release|Any CPU.Build.0 = Release|Any CPU
		{D05DCBF6-3201-4E66-9B44-F564A2B58828}.Debug|Any CPU.ActiveCfg = Debug|Any CPU
		{D05DCBF6-3201-4E66-9B44-F564A2B58828}.Debug|Any CPU.Build.0 = Debug|Any CPU
		{D05DCBF6-3201-4E66-9B44-F564A2B58828}.Release|Any CPU.ActiveCfg = Release|Any CPU
		{D05DCBF6-3201-4E66-9B44-F564A2B58828}.Release|Any CPU.Build.0 = Release|Any CPU
		{95F56879-B26F-44C4-A4C6-1045265B343D}.Debug|Any CPU.ActiveCfg = Debug|Any CPU
		{95F56879-B26F-44C4-A4C6-1045265B343D}.Debug|Any CPU.Build.0 = Debug|Any CPU
		{95F56879-B26F-44C4-A4C6-1045265B343D}.Release|Any CPU.ActiveCfg = Release|Any CPU
		{95F56879-B26F-44C4-A4C6-1045265B343D}.Release|Any CPU.Build.0 = Release|Any CPU
		{9F9D7D0B-3CA4-4561-BFEC-21CC75D87E47}.Debug|Any CPU.ActiveCfg = Debug|Any CPU
		{9F9D7D0B-3CA4-4561-BFEC-21CC75D87E47}.Debug|Any CPU.Build.0 = Debug|Any CPU
		{9F9D7D0B-3CA4-4561-BFEC-21CC75D87E47}.Release|Any CPU.ActiveCfg = Release|Any CPU
		{9F9D7D0B-3CA4-4561-BFEC-21CC75D87E47}.Release|Any CPU.Build.0 = Release|Any CPU
		{CCB2F33C-07A1-4FF0-A4B7-CE7D3095BBFE}.Debug|Any CPU.ActiveCfg = Debug|Any CPU
		{CCB2F33C-07A1-4FF0-A4B7-CE7D3095BBFE}.Debug|Any CPU.Build.0 = Debug|Any CPU
		{CCB2F33C-07A1-4FF0-A4B7-CE7D3095BBFE}.Release|Any CPU.ActiveCfg = Release|Any CPU
		{CCB2F33C-07A1-4FF0-A4B7-CE7D3095BBFE}.Release|Any CPU.Build.0 = Release|Any CPU
		{9930E6EC-EED1-41CC-8B54-5475E7D79E78}.Debug|Any CPU.ActiveCfg = Debug|Any CPU
		{9930E6EC-EED1-41CC-8B54-5475E7D79E78}.Debug|Any CPU.Build.0 = Debug|Any CPU
		{9930E6EC-EED1-41CC-8B54-5475E7D79E78}.Release|Any CPU.ActiveCfg = Release|Any CPU
		{9930E6EC-EED1-41CC-8B54-5475E7D79E78}.Release|Any CPU.Build.0 = Release|Any CPU
		{456AC416-FFD3-43AF-BD8D-DBB51CC6CC63}.Debug|Any CPU.ActiveCfg = Debug|Any CPU
		{456AC416-FFD3-43AF-BD8D-DBB51CC6CC63}.Debug|Any CPU.Build.0 = Debug|Any CPU
		{456AC416-FFD3-43AF-BD8D-DBB51CC6CC63}.Release|Any CPU.ActiveCfg = Release|Any CPU
		{456AC416-FFD3-43AF-BD8D-DBB51CC6CC63}.Release|Any CPU.Build.0 = Release|Any CPU
		{23A40867-8A8F-4E8B-8FA7-8B9EA14BFD52}.Debug|Any CPU.ActiveCfg = Debug|Any CPU
		{23A40867-8A8F-4E8B-8FA7-8B9EA14BFD52}.Debug|Any CPU.Build.0 = Debug|Any CPU
		{23A40867-8A8F-4E8B-8FA7-8B9EA14BFD52}.Release|Any CPU.ActiveCfg = Release|Any CPU
		{23A40867-8A8F-4E8B-8FA7-8B9EA14BFD52}.Release|Any CPU.Build.0 = Release|Any CPU
		{A4A130EE-88E0-4CE3-9C65-F815C57474D2}.Debug|Any CPU.ActiveCfg = Debug|Any CPU
		{A4A130EE-88E0-4CE3-9C65-F815C57474D2}.Debug|Any CPU.Build.0 = Debug|Any CPU
		{A4A130EE-88E0-4CE3-9C65-F815C57474D2}.Release|Any CPU.ActiveCfg = Release|Any CPU
		{A4A130EE-88E0-4CE3-9C65-F815C57474D2}.Release|Any CPU.Build.0 = Release|Any CPU
		{9A9C0643-82BE-48BE-B296-7B08115531B1}.Debug|Any CPU.ActiveCfg = Debug|Any CPU
		{9A9C0643-82BE-48BE-B296-7B08115531B1}.Debug|Any CPU.Build.0 = Debug|Any CPU
		{9A9C0643-82BE-48BE-B296-7B08115531B1}.Release|Any CPU.ActiveCfg = Release|Any CPU
		{9A9C0643-82BE-48BE-B296-7B08115531B1}.Release|Any CPU.Build.0 = Release|Any CPU
		{D854F247-A0E4-4C07-AF1E-88ACA571333E}.Debug|Any CPU.ActiveCfg = Debug|Any CPU
		{D854F247-A0E4-4C07-AF1E-88ACA571333E}.Debug|Any CPU.Build.0 = Debug|Any CPU
		{D854F247-A0E4-4C07-AF1E-88ACA571333E}.Release|Any CPU.ActiveCfg = Release|Any CPU
		{D854F247-A0E4-4C07-AF1E-88ACA571333E}.Release|Any CPU.Build.0 = Release|Any CPU
		{798C8890-C2D4-4496-9B91-BCB68CBD1862}.Debug|Any CPU.ActiveCfg = Debug|Any CPU
		{798C8890-C2D4-4496-9B91-BCB68CBD1862}.Debug|Any CPU.Build.0 = Debug|Any CPU
		{798C8890-C2D4-4496-9B91-BCB68CBD1862}.Release|Any CPU.ActiveCfg = Release|Any CPU
		{798C8890-C2D4-4496-9B91-BCB68CBD1862}.Release|Any CPU.Build.0 = Release|Any CPU
		{BFD70B34-0C8C-46CC-98D5-AFD9D26A6C9E}.Debug|Any CPU.ActiveCfg = Debug|Any CPU
		{BFD70B34-0C8C-46CC-98D5-AFD9D26A6C9E}.Debug|Any CPU.Build.0 = Debug|Any CPU
		{BFD70B34-0C8C-46CC-98D5-AFD9D26A6C9E}.Release|Any CPU.ActiveCfg = Release|Any CPU
		{BFD70B34-0C8C-46CC-98D5-AFD9D26A6C9E}.Release|Any CPU.Build.0 = Release|Any CPU
		{9BF62B66-38B9-41A0-B78B-01126BCF1253}.Debug|Any CPU.ActiveCfg = Debug|Any CPU
		{9BF62B66-38B9-41A0-B78B-01126BCF1253}.Debug|Any CPU.Build.0 = Debug|Any CPU
		{9BF62B66-38B9-41A0-B78B-01126BCF1253}.Release|Any CPU.ActiveCfg = Release|Any CPU
		{9BF62B66-38B9-41A0-B78B-01126BCF1253}.Release|Any CPU.Build.0 = Release|Any CPU
		{B028FB9E-63E1-4CE1-9FBC-DF969F786D62}.Debug|Any CPU.ActiveCfg = Debug|Any CPU
		{B028FB9E-63E1-4CE1-9FBC-DF969F786D62}.Debug|Any CPU.Build.0 = Debug|Any CPU
		{B028FB9E-63E1-4CE1-9FBC-DF969F786D62}.Release|Any CPU.ActiveCfg = Release|Any CPU
		{B028FB9E-63E1-4CE1-9FBC-DF969F786D62}.Release|Any CPU.Build.0 = Release|Any CPU
		{B0AEC420-F997-4575-9E6D-5AA2CC609110}.Debug|Any CPU.ActiveCfg = Debug|Any CPU
		{B0AEC420-F997-4575-9E6D-5AA2CC609110}.Debug|Any CPU.Build.0 = Debug|Any CPU
		{B0AEC420-F997-4575-9E6D-5AA2CC609110}.Release|Any CPU.ActiveCfg = Release|Any CPU
		{B0AEC420-F997-4575-9E6D-5AA2CC609110}.Release|Any CPU.Build.0 = Release|Any CPU
	EndGlobalSection
	GlobalSection(SolutionProperties) = preSolution
		HideSolutionNode = FALSE
	EndGlobalSection
	GlobalSection(NestedProjects) = preSolution
		{B7B0627C-3C10-4235-AC86-D2F348870739} = {DA974D76-DC04-4962-9F43-F9FD12C5B783}
		{5646AC31-D1FC-406A-8BDB-7D1C59617D86} = {DA974D76-DC04-4962-9F43-F9FD12C5B783}
		{A669F848-400A-4B6A-A337-D836CE7ECF5E} = {DA974D76-DC04-4962-9F43-F9FD12C5B783}
		{B9D5A837-BB79-4DC4-9E22-D8F2A6366E00} = {DA974D76-DC04-4962-9F43-F9FD12C5B783}
		{1CBEB970-279E-480E-915B-2ABA838E765F} = {DA974D76-DC04-4962-9F43-F9FD12C5B783}
		{17728D56-B828-418E-A66A-F962C936604B} = {DA974D76-DC04-4962-9F43-F9FD12C5B783}
		{07A782C6-C35A-462C-B9B0-4DD935B8B736} = {DA974D76-DC04-4962-9F43-F9FD12C5B783}
		{9D23A19B-0830-43BC-9157-64857041A330} = {DA974D76-DC04-4962-9F43-F9FD12C5B783}
		{94D8F35F-0253-4212-A859-B6247D0B19DA} = {DA974D76-DC04-4962-9F43-F9FD12C5B783}
		{862D9B98-72C4-4200-A87F-F74938950505} = {DA974D76-DC04-4962-9F43-F9FD12C5B783}
		{7CC2F8A9-5A9B-4403-A7A5-4BE2701ED4CE} = {DA974D76-DC04-4962-9F43-F9FD12C5B783}
		{A1C6626B-9A0F-4DB9-9DAD-BE5DCD87F523} = {DA974D76-DC04-4962-9F43-F9FD12C5B783}
		{486E014E-652C-4E09-A1AA-62B62C84EF9E} = {DA974D76-DC04-4962-9F43-F9FD12C5B783}
		{D05DCBF6-3201-4E66-9B44-F564A2B58828} = {DA974D76-DC04-4962-9F43-F9FD12C5B783}
		{95F56879-B26F-44C4-A4C6-1045265B343D} = {DA974D76-DC04-4962-9F43-F9FD12C5B783}
		{9F9D7D0B-3CA4-4561-BFEC-21CC75D87E47} = {DA974D76-DC04-4962-9F43-F9FD12C5B783}
		{CCB2F33C-07A1-4FF0-A4B7-CE7D3095BBFE} = {DA974D76-DC04-4962-9F43-F9FD12C5B783}
		{9930E6EC-EED1-41CC-8B54-5475E7D79E78} = {DA974D76-DC04-4962-9F43-F9FD12C5B783}
		{456AC416-FFD3-43AF-BD8D-DBB51CC6CC63} = {DA974D76-DC04-4962-9F43-F9FD12C5B783}
		{23A40867-8A8F-4E8B-8FA7-8B9EA14BFD52} = {DA974D76-DC04-4962-9F43-F9FD12C5B783}
		{A4A130EE-88E0-4CE3-9C65-F815C57474D2} = {DA974D76-DC04-4962-9F43-F9FD12C5B783}
		{9A9C0643-82BE-48BE-B296-7B08115531B1} = {DA974D76-DC04-4962-9F43-F9FD12C5B783}
		{D854F247-A0E4-4C07-AF1E-88ACA571333E} = {DA974D76-DC04-4962-9F43-F9FD12C5B783}
		{798C8890-C2D4-4496-9B91-BCB68CBD1862} = {DA974D76-DC04-4962-9F43-F9FD12C5B783}
		{9BF62B66-38B9-41A0-B78B-01126BCF1253} = {DA974D76-DC04-4962-9F43-F9FD12C5B783}
		{B028FB9E-63E1-4CE1-9FBC-DF969F786D62} = {DA974D76-DC04-4962-9F43-F9FD12C5B783}
	EndGlobalSection
	GlobalSection(ExtensibilityGlobals) = postSolution
		SolutionGuid = {165143A1-93E2-45D9-A4A1-27FAA17B4CC3}
	EndGlobalSection
EndGlobal
